
Microsoft Visual Studio Solution File, Format Version 12.00
# Visual Studio Version 16
VisualStudioVersion = 16.0.30114.105
MinimumVisualStudioVersion = 10.0.40219.1
Project("{2150E333-8FDC-42A3-9474-1A3956D46DE8}") = "src", "src", "{D2E3A0A3-D01C-4BCF-B417-823B729851BC}"
EndProject
Project("{FAE04EC0-301F-11D3-BF4B-00C04F79EFBC}") = "Nicosia.Users", "src\Nicosia.Users\Nicosia.Users.csproj", "{2DA83124-7CF5-4D38-8D36-49C1E092316B}"
EndProject
Project("{2150E333-8FDC-42A3-9474-1A3956D46DE8}") = "test", "test", "{CA9265D3-79A4-4BB1-8F15-8AFEA4777037}"
EndProject
Project("{FAE04EC0-301F-11D3-BF4B-00C04F79EFBC}") = "Nicosia.Users.Tests", "test\Nicosia.Users.Tests\Nicosia.Users.Tests.csproj", "{9C3D0D54-BA1E-4307-B296-3A1356C1EA93}"
EndProject
Global
	GlobalSection(SolutionConfigurationPlatforms) = preSolution
		Debug|Any CPU = Debug|Any CPU
		Release|Any CPU = Release|Any CPU
	EndGlobalSection
	GlobalSection(SolutionProperties) = preSolution
		HideSolutionNode = FALSE
	EndGlobalSection
	GlobalSection(ProjectConfigurationPlatforms) = postSolution
		{2DA83124-7CF5-4D38-8D36-49C1E092316B}.Debug|Any CPU.ActiveCfg = Debug|Any CPU
		{2DA83124-7CF5-4D38-8D36-49C1E092316B}.Debug|Any CPU.Build.0 = Debug|Any CPU
		{2DA83124-7CF5-4D38-8D36-49C1E092316B}.Release|Any CPU.ActiveCfg = Release|Any CPU
		{2DA83124-7CF5-4D38-8D36-49C1E092316B}.Release|Any CPU.Build.0 = Release|Any CPU
		{9C3D0D54-BA1E-4307-B296-3A1356C1EA93}.Debug|Any CPU.ActiveCfg = Debug|Any CPU
		{9C3D0D54-BA1E-4307-B296-3A1356C1EA93}.Debug|Any CPU.Build.0 = Debug|Any CPU
		{9C3D0D54-BA1E-4307-B296-3A1356C1EA93}.Release|Any CPU.ActiveCfg = Release|Any CPU
		{9C3D0D54-BA1E-4307-B296-3A1356C1EA93}.Release|Any CPU.Build.0 = Release|Any CPU
	EndGlobalSection
	GlobalSection(NestedProjects) = preSolution
		{2DA83124-7CF5-4D38-8D36-49C1E092316B} = {D2E3A0A3-D01C-4BCF-B417-823B729851BC}
		{9C3D0D54-BA1E-4307-B296-3A1356C1EA93} = {CA9265D3-79A4-4BB1-8F15-8AFEA4777037}
	EndGlobalSection
EndGlobal
